
Microsoft Visual Studio Solution File, Format Version 12.00
# Visual Studio Version 17
VisualStudioVersion = 17.9.34728.123
MinimumVisualStudioVersion = 10.0.40219.1
Project("{FAE04EC0-301F-11D3-BF4B-00C04F79EFBC}") = "LR4Treads", "LR4Treads\LR4Treads.csproj", "{24FD9044-192C-42CF-9E3A-084B118B6063}"
EndProject
Global
	GlobalSection(SolutionConfigurationPlatforms) = preSolution
		Debug|Any CPU = Debug|Any CPU
		Release|Any CPU = Release|Any CPU
	EndGlobalSection
	GlobalSection(ProjectConfigurationPlatforms) = postSolution
		{24FD9044-192C-42CF-9E3A-084B118B6063}.Debug|Any CPU.ActiveCfg = Debug|Any CPU
		{24FD9044-192C-42CF-9E3A-084B118B6063}.Debug|Any CPU.Build.0 = Debug|Any CPU
		{24FD9044-192C-42CF-9E3A-084B118B6063}.Release|Any CPU.ActiveCfg = Release|Any CPU
		{24FD9044-192C-42CF-9E3A-084B118B6063}.Release|Any CPU.Build.0 = Release|Any CPU
	EndGlobalSection
	GlobalSection(SolutionProperties) = preSolution
		HideSolutionNode = FALSE
	EndGlobalSection
	GlobalSection(ExtensibilityGlobals) = postSolution
		SolutionGuid = {F65BC905-2D1D-4734-BA6D-951666047F4B}
	EndGlobalSection
EndGlobal
